
Microsoft Visual Studio Solution File, Format Version 11.00
# Visual C# Express 2010
Project("{FAE04EC0-301F-11D3-BF4B-00C04F79EFBC}") = "CPU_GPU_Test", "CPU_GPU_Test\CPU_GPU_Test\CPU_GPU_Test.csproj", "{139BDDB4-586F-47B1-B1AE-22F43A61B4DC}"
EndProject
Project("{96E2B04D-8817-42C6-938A-82C39BA4D311}") = "CPU_GPU_TestContent", "CPU_GPU_Test\CPU_GPU_TestContent\CPU_GPU_TestContent.contentproj", "{EB940BD8-931F-4D56-8E1B-17EC3E973F2F}"
EndProject
Global
	GlobalSection(SolutionConfigurationPlatforms) = preSolution
		Debug|x86 = Debug|x86
		Release|x86 = Release|x86
	EndGlobalSection
	GlobalSection(ProjectConfigurationPlatforms) = postSolution
		{139BDDB4-586F-47B1-B1AE-22F43A61B4DC}.Debug|x86.ActiveCfg = Debug|x86
		{139BDDB4-586F-47B1-B1AE-22F43A61B4DC}.Debug|x86.Build.0 = Debug|x86
		{139BDDB4-586F-47B1-B1AE-22F43A61B4DC}.Release|x86.ActiveCfg = Release|x86
		{139BDDB4-586F-47B1-B1AE-22F43A61B4DC}.Release|x86.Build.0 = Release|x86
		{EB940BD8-931F-4D56-8E1B-17EC3E973F2F}.Debug|x86.ActiveCfg = Debug|x86
		{EB940BD8-931F-4D56-8E1B-17EC3E973F2F}.Release|x86.ActiveCfg = Release|x86
	EndGlobalSection
	GlobalSection(SolutionProperties) = preSolution
		HideSolutionNode = FALSE
	EndGlobalSection
EndGlobal
